# This file is automatically @generated by Poetry 1.8.4 and should not be changed by hand.

[[package]]
name = "colorama"
version = "0.4.6"
description = "Cross-platform colored terminal text."
optional = false
python-versions = "!=3.0.*,!=3.1.*,!=3.2.*,!=3.3.*,!=3.4.*,!=3.5.*,!=3.6.*,>=2.7"
files = [
    {file = "colorama-0.4.6-py2.py3-none-any.whl", hash = "sha256:4f1d9991f5acc0ca119f9d443620b77f9d6b33703e51011c16baf57afb285fc6"},
    {file = "colorama-0.4.6.tar.gz", hash = "sha256:08695f5cb7ed6e0531a20572697297273c47b8cae5a63ffc6d6ed5c201be6e44"},
]

[[package]]
name = "mysql-connector-python"
version = "9.1.0"
description = "A self-contained Python driver for communicating with MySQL servers, using an API that is compliant with the Python Database API Specification v2.0 (PEP 249)."
optional = false
python-versions = ">=3.9"
files = [
    {file = "mysql-connector-python-9.1.0.tar.gz", hash = "sha256:346261a2aeb743a39cf66ba8bde5e45931d313b76ce0946a69a6d1187ec7d279"},
    {file = "mysql_connector_python-9.1.0-cp310-cp310-macosx_13_0_arm64.whl", hash = "sha256:dcdcf380d07b9ca6f18a95e9516a6185f2ab31a53d290d5e698e77e59c043c9e"},
    {file = "mysql_connector_python-9.1.0-cp310-cp310-macosx_13_0_x86_64.whl", hash = "sha256:948ef0c7da87901176d4320e0f40a3277ee06fe6f58ce151c1e60d8d50fdeaf4"},
    {file = "mysql_connector_python-9.1.0-cp310-cp310-manylinux_2_28_aarch64.whl", hash = "sha256:abf16fc1155ebeba5558e5702dd7210d634ac8da484eca05a640b68a548dc7cf"},
    {file = "mysql_connector_python-9.1.0-cp310-cp310-manylinux_2_28_x86_64.whl", hash = "sha256:aceaab679b852c0a2ec0eed9eb2a490171b3493484f1881b605cbf2f9c5fde6d"},
    {file = "mysql_connector_python-9.1.0-cp310-cp310-win_amd64.whl", hash = "sha256:72dcce5f2e4f5910d65f02eb318c1e4622464da007a3ae5e9ccd64169d8efac3"},
    {file = "mysql_connector_python-9.1.0-cp311-cp311-macosx_13_0_arm64.whl", hash = "sha256:9b23a8e2acee91b5120febe00c53e7f472b9b6d49618e39fa1af86cdc1f0ade8"},
    {file = "mysql_connector_python-9.1.0-cp311-cp311-macosx_13_0_x86_64.whl", hash = "sha256:e15153cb8ab5fcec00b99077de536489d22d4809fc28f633850398fef0560b1f"},
    {file = "mysql_connector_python-9.1.0-cp311-cp311-manylinux_2_28_aarch64.whl", hash = "sha256:fec943d333851c4b5e57cd0b04dde36e6817f0d4d62b2a58ce028a82be444866"},
    {file = "mysql_connector_python-9.1.0-cp311-cp311-manylinux_2_28_x86_64.whl", hash = "sha256:c36a9b9ebf9587aaa5d7928468fefe8faf6fc993a03cb242bb160ede9cf75b2d"},
    {file = "mysql_connector_python-9.1.0-cp311-cp311-win_amd64.whl", hash = "sha256:7b2eb48518b8c2bc9636883d264b291e5c93824fc6b61823ca9cf396a09474ad"},
    {file = "mysql_connector_python-9.1.0-cp312-cp312-macosx_13_0_arm64.whl", hash = "sha256:f67b22e3eaf5b03ffac97232d3dd67b56abcacad907ad4391c847bad5ba58f0e"},
    {file = "mysql_connector_python-9.1.0-cp312-cp312-macosx_13_0_x86_64.whl", hash = "sha256:c75f674a52b8820c90d466183b2bb59f89bcf09d17ebe9b391313d89565c8896"},
    {file = "mysql_connector_python-9.1.0-cp312-cp312-manylinux_2_28_aarch64.whl", hash = "sha256:e75ecb3df2c2cbe4d92d5dd58a318fa708edebc0fa2d850fc2a9d42481dbb808"},
    {file = "mysql_connector_python-9.1.0-cp312-cp312-manylinux_2_28_x86_64.whl", hash = "sha256:7d99c0a841a2c2a0e4d5b28376c1bfac794ec3821b66eb6fa2f7702cec820ee8"},
    {file = "mysql_connector_python-9.1.0-cp312-cp312-win_amd64.whl", hash = "sha256:30a8f0ba84f8adf15a4877e80b3f97f786ce35616d918b9310578a2bd22952d5"},
    {file = "mysql_connector_python-9.1.0-cp313-cp313-macosx_13_0_arm64.whl", hash = "sha256:d627ebafc0327b935d8783454e7a4b5c32324ed39a2a1589239490ab850bf7d7"},
    {file = "mysql_connector_python-9.1.0-cp313-cp313-macosx_13_0_x86_64.whl", hash = "sha256:e26a08a9500407fa8f4a6504f7077d1312bec4fa52cb0a58c1ad324ca1f3eeaa"},
    {file = "mysql_connector_python-9.1.0-cp313-cp313-manylinux_2_28_aarch64.whl", hash = "sha256:109e17a4ada1442e3881a51e2bbabcb336ad229a619ac61e9ad24bd6b9b117bd"},
    {file = "mysql_connector_python-9.1.0-cp313-cp313-manylinux_2_28_x86_64.whl", hash = "sha256:4f102452c64332b7e042fa37b84d4f15332bd639e479d15035f2a005fb9fbb34"},
    {file = "mysql_connector_python-9.1.0-cp313-cp313-win_amd64.whl", hash = "sha256:25e261f3260ec798c48cb910862a299e565548a1b5421dec84315ddbc9ef28c4"},
    {file = "mysql_connector_python-9.1.0-cp39-cp39-macosx_13_0_arm64.whl", hash = "sha256:ec4386b2426bfb07f83455bf895d8a7e2d6c067343ac05be5511083ca2424991"},
    {file = "mysql_connector_python-9.1.0-cp39-cp39-macosx_13_0_x86_64.whl", hash = "sha256:28fd99ee464ac3b02d1e2a71a63ca4f25c6110e4414a46a5b64631e6d2096899"},
    {file = "mysql_connector_python-9.1.0-cp39-cp39-manylinux_2_28_aarch64.whl", hash = "sha256:e2f0876e1efd76e05853cb0a623dba2746ee70686c043019d811737dd5c3d871"},
    {file = "mysql_connector_python-9.1.0-cp39-cp39-manylinux_2_28_x86_64.whl", hash = "sha256:6d7d5d458d0d600bbbebd9f2bce551e386b359bcce6026f7369b57922d26f13a"},
    {file = "mysql_connector_python-9.1.0-cp39-cp39-win_amd64.whl", hash = "sha256:c350b1aaf257b1b778f44b8bfaeda07751f55e150f5a7464342f36e4aac8e805"},
    {file = "mysql_connector_python-9.1.0-py2.py3-none-any.whl", hash = "sha256:dacf1aa84dc7dd8ae908626c3ae50fce956d0105130c7465fd248a4f035d50b1"},
]

[package.extras]
dns-srv = ["dnspython (==2.6.1)"]
fido2 = ["fido2 (==1.1.2)"]
gssapi = ["gssapi (==1.8.3)"]
telemetry = ["opentelemetry-api (==1.18.0)", "opentelemetry-exporter-otlp-proto-http (==1.18.0)", "opentelemetry-sdk (==1.18.0)"]

[[package]]
name = "python-dotenv"
version = "1.0.1"
description = "Read key-value pairs from a .env file and set them as environment variables"
optional = false
python-versions = ">=3.8"
files = [
    {file = "python-dotenv-1.0.1.tar.gz", hash = "sha256:e324ee90a023d808f1959c46bcbc04446a10ced277783dc6ee09987c37ec10ca"},
    {file = "python_dotenv-1.0.1-py3-none-any.whl", hash = "sha256:f7b63ef50f1b690dddf550d03497b66d609393b40b564ed0d674909a68ebf16a"},
]

[package.extras]
cli = ["click (>=5.0)"]

[metadata]
lock-version = "2.0"
python-versions = "^3.12"
content-hash = "f1e314b27de6870d41f4e34b2d98e9c61ae1a77800369beffd39ce3b5a0cd959"
